
Microsoft Visual Studio Solution File, Format Version 12.00
# Visual Studio Version 17
VisualStudioVersion = 17.3.32819.101
MinimumVisualStudioVersion = 10.0.40219.1
Project("{9A19103F-16F7-4668-BE54-9A1E7A4F7556}") = "WindowsClient", "ClientProject\WindowsClient.csproj", "{HAAI1111-BBBB-CCCC-DDDD-EEEE33334444}"
EndProject
Project("{9A19103F-16F7-4668-BE54-9A1E7A4F7556}") = "WindowsServer", "ServerProject\WindowsServer.csproj", "{HAAI2222-CCCC-DDDD-EEEE-FFFF44445555}"
EndProject
Project("{D954291E-2A0B-460D-934E-DC6B0785DB48}") = "SharedSource", "SharedProject\SharedSource.shproj", "{HAAI3333-DDDD-EEEE-FFFF-000055556666}"
EndProject
Project("{FAE04EC0-301F-11D3-BF4B-00C04F79EFBC}") = "LinuxClient", "ClientProject\LinuxClient.csproj", "{HAAI4444-EEEE-FFFF-0000-111155556666}"
EndProject
Project("{FAE04EC0-301F-11D3-BF4B-00C04F79EFBC}") = "LinuxServer", "ServerProject\LinuxServer.csproj", "{HAAI5555-FFFF-0000-1111-222266667777}"
EndProject
Project("{2150E333-8FDC-42A3-9474-1A3956D46DE8}") = "Linux", "Linux", "{HAAI6666-0000-1111-2222-333377778888}"
EndProject
Project("{2150E333-8FDC-42A3-9474-1A3956D46DE8}") = "Windows", "Windows", "{HAAI7777-1111-2222-3333-444488889999}"
EndProject
Project("{2150E333-8FDC-42A3-9474-1A3956D46DE8}") = "OSX", "OSX", "{HAAI8888-2222-3333-4444-555599990000}"
EndProject
Project("{FAE04EC0-301F-11D3-BF4B-00C04F79EFBC}") = "OSXClient", "ClientProject\OSXClient.csproj", "{HAAI9999-0000-1111-2222-333300000111}"
EndProject
Project("{FAE04EC0-301F-11D3-BF4B-00C04F79EFBC}") = "OSXServer", "ServerProject\OSXServer.csproj", "{HAAI0000-1111-2222-3333-444411112222}"
EndProject
Global
	GlobalSection(SolutionConfigurationPlatforms) = preSolution
		Debug|x64 = Debug|x64
		Release|x64 = Release|x64
	EndGlobalSection
	GlobalSection(ProjectConfigurationPlatforms) = postSolution
		{HAAI1111-BBBB-CCCC-DDDD-EEEE33334444}.Debug|x64.ActiveCfg = Debug|x64
		{HAAI1111-BBBB-CCCC-DDDD-EEEE33334444}.Debug|x64.Build.0 = Debug|x64
		{HAAI1111-BBBB-CCCC-DDDD-EEEE33334444}.Release|x64.ActiveCfg = Release|x64
		{HAAI1111-BBBB-CCCC-DDDD-EEEE33334444}.Release|x64.Build.0 = Release|x64
		{HAAI2222-CCCC-DDDD-EEEE-FFFF44445555}.Debug|x64.ActiveCfg = Debug|x64
		{HAAI2222-CCCC-DDDD-EEEE-FFFF44445555}.Debug|x64.Build.0 = Debug|x64
		{HAAI2222-CCCC-DDDD-EEEE-FFFF44445555}.Release|x64.ActiveCfg = Release|x64
		{HAAI2222-CCCC-DDDD-EEEE-FFFF44445555}.Release|x64.Build.0 = Release|x64
		{HAAI4444-EEEE-FFFF-0000-111155556666}.Debug|x64.ActiveCfg = Debug|x64
		{HAAI4444-EEEE-FFFF-0000-111155556666}.Debug|x64.Build.0 = Debug|x64
		{HAAI4444-EEEE-FFFF-0000-111155556666}.Release|x64.ActiveCfg = Release|x64
		{HAAI4444-EEEE-FFFF-0000-111155556666}.Release|x64.Build.0 = Release|x64
		{HAAI5555-FFFF-0000-1111-222266667777}.Debug|x64.ActiveCfg = Debug|x64
		{HAAI5555-FFFF-0000-1111-222266667777}.Debug|x64.Build.0 = Debug|x64
		{HAAI5555-FFFF-0000-1111-222266667777}.Release|x64.ActiveCfg = Release|x64
		{HAAI5555-FFFF-0000-1111-222266667777}.Release|x64.Build.0 = Release|x64
		{HAAI9999-0000-1111-2222-333300000111}.Debug|x64.ActiveCfg = Debug|x64
		{HAAI9999-0000-1111-2222-333300000111}.Debug|x64.Build.0 = Debug|x64
		{HAAI9999-0000-1111-2222-333300000111}.Release|x64.ActiveCfg = Release|x64
		{HAAI9999-0000-1111-2222-333300000111}.Release|x64.Build.0 = Release|x64
		{HAAI0000-1111-2222-3333-444411112222}.Debug|x64.ActiveCfg = Debug|x64
		{HAAI0000-1111-2222-3333-444411112222}.Debug|x64.Build.0 = Debug|x64
		{HAAI0000-1111-2222-3333-444411112222}.Release|x64.ActiveCfg = Release|x64
		{HAAI0000-1111-2222-3333-444411112222}.Release|x64.Build.0 = Release|x64
	EndGlobalSection
	GlobalSection(SolutionProperties) = preSolution
		HideSolutionNode = FALSE
	EndGlobalSection
	GlobalSection(NestedProjects) = preSolution
		{HAAI1111-BBBB-CCCC-DDDD-EEEE33334444} = {HAAI7777-1111-2222-3333-444488889999}
		{HAAI2222-CCCC-DDDD-EEEE-FFFF44445555} = {HAAI7777-1111-2222-3333-444488889999}
		{HAAI4444-EEEE-FFFF-0000-111155556666} = {HAAI6666-0000-1111-2222-333377778888}
		{HAAI5555-FFFF-0000-1111-222266667777} = {HAAI6666-0000-1111-2222-333377778888}
		{HAAI9999-0000-1111-2222-333300000111} = {HAAI8888-2222-3333-4444-555599990000}
		{HAAI0000-1111-2222-3333-444411112222} = {HAAI8888-2222-3333-4444-555599990000}
	EndGlobalSection
	GlobalSection(ExtensibilityGlobals) = postSolution
		SolutionGuid = {AAAAAAA3-BBBB-CCCC-DDDD-EEEEFFFF3333}
	EndGlobalSection
	GlobalSection(SharedMSBuildProjectFiles) = preSolution
		SharedProject\SharedProject.projitems*{haai3333-dddd-eeee-ffff-000055556666}*SharedItemsImports = 13
		SharedProject\SharedProject.projitems*{haai1111-bbbb-cccc-dddd-eeee33334444}*SharedItemsImports = 5
		SharedProject\SharedProject.projitems*{haai2222-cccc-dddd-eeee-ffff44445555}*SharedItemsImports = 5
		SharedProject\SharedProject.projitems*{haai4444-eeee-ffff-0000-111155556666}*SharedItemsImports = 5
		SharedProject\SharedProject.projitems*{haai5555-ffff-0000-1111-222266667777}*SharedItemsImports = 5
		SharedProject\SharedProject.projitems*{haai9999-0000-1111-2222-333300000111}*SharedItemsImports = 5
		SharedProject\SharedProject.projitems*{haai0000-1111-2222-3333-444411112222}*SharedItemsImports = 5
	EndGlobalSection
EndGlobal
