
Microsoft Visual Studio Solution File, Format Version 12.00
# Visual Studio Version 17
VisualStudioVersion = 17.3.32819.101
MinimumVisualStudioVersion = 10.0.40219.1
Project("{9A19103F-16F7-4668-BE54-9A1E7A4F7556}") = "WindowsClient", "ClientProject\WindowsClient.csproj", "{AAAA1111-BBBB-CCCC-DDDD-EEEE11112222}"
EndProject
Project("{9A19103F-16F7-4668-BE54-9A1E7A4F7556}") = "WindowsServer", "ServerProject\WindowsServer.csproj", "{BBBB2222-CCCC-DDDD-EEEE-FFFF22223333}"
EndProject
Project("{D954291E-2A0B-460D-934E-DC6B0785DB48}") = "SharedSource", "SharedProject\SharedSource.shproj", "{CCCC3333-DDDD-EEEE-FFFF-000033334444}"
EndProject
Project("{FAE04EC0-301F-11D3-BF4B-00C04F79EFBC}") = "LinuxClient", "ClientProject\LinuxClient.csproj", "{DDDD4444-EEEE-FFFF-0000-111144445555}"
EndProject
Project("{FAE04EC0-301F-11D3-BF4B-00C04F79EFBC}") = "LinuxServer", "ServerProject\LinuxServer.csproj", "{EEEE5555-FFFF-0000-1111-222255556666}"
EndProject
Project("{2150E333-8FDC-42A3-9474-1A3956D46DE8}") = "Linux", "Linux", "{FFFF6666-0000-1111-2222-333366667777}"
EndProject
Project("{2150E333-8FDC-42A3-9474-1A3956D46DE8}") = "Windows", "Windows", "{00007777-1111-2222-3333-444477778888}"
EndProject
Project("{2150E333-8FDC-42A3-9474-1A3956D46DE8}") = "OSX", "OSX", "{11118888-2222-3333-4444-555588889999}"
EndProject
Project("{FAE04EC0-301F-11D3-BF4B-00C04F79EFBC}") = "OSXClient", "ClientProject\OSXClient.csproj", "{22229999-0000-1111-2222-333399990000}"
EndProject
Project("{FAE04EC0-301F-11D3-BF4B-00C04F79EFBC}") = "OSXServer", "ServerProject\OSXServer.csproj", "{33330000-1111-2222-3333-444400001111}"
EndProject
Global
	GlobalSection(SolutionConfigurationPlatforms) = preSolution
		Debug|x64 = Debug|x64
		Release|x64 = Release|x64
	EndGlobalSection
	GlobalSection(ProjectConfigurationPlatforms) = postSolution
		{AAAA1111-BBBB-CCCC-DDDD-EEEE11112222}.Debug|x64.ActiveCfg = Debug|x64
		{AAAA1111-BBBB-CCCC-DDDD-EEEE11112222}.Debug|x64.Build.0 = Debug|x64
		{AAAA1111-BBBB-CCCC-DDDD-EEEE11112222}.Release|x64.ActiveCfg = Release|x64
		{AAAA1111-BBBB-CCCC-DDDD-EEEE11112222}.Release|x64.Build.0 = Release|x64
		{BBBB2222-CCCC-DDDD-EEEE-FFFF22223333}.Debug|x64.ActiveCfg = Debug|x64
		{BBBB2222-CCCC-DDDD-EEEE-FFFF22223333}.Debug|x64.Build.0 = Debug|x64
		{BBBB2222-CCCC-DDDD-EEEE-FFFF22223333}.Release|x64.ActiveCfg = Release|x64
		{BBBB2222-CCCC-DDDD-EEEE-FFFF22223333}.Release|x64.Build.0 = Release|x64
		{DDDD4444-EEEE-FFFF-0000-111144445555}.Debug|x64.ActiveCfg = Debug|x64
		{DDDD4444-EEEE-FFFF-0000-111144445555}.Debug|x64.Build.0 = Debug|x64
		{DDDD4444-EEEE-FFFF-0000-111144445555}.Release|x64.ActiveCfg = Release|x64
		{DDDD4444-EEEE-FFFF-0000-111144445555}.Release|x64.Build.0 = Release|x64
		{EEEE5555-FFFF-0000-1111-222255556666}.Debug|x64.ActiveCfg = Debug|x64
		{EEEE5555-FFFF-0000-1111-222255556666}.Debug|x64.Build.0 = Debug|x64
		{EEEE5555-FFFF-0000-1111-222255556666}.Release|x64.ActiveCfg = Release|x64
		{EEEE5555-FFFF-0000-1111-222255556666}.Release|x64.Build.0 = Release|x64
		{22229999-0000-1111-2222-333399990000}.Debug|x64.ActiveCfg = Debug|x64
		{22229999-0000-1111-2222-333399990000}.Debug|x64.Build.0 = Debug|x64
		{22229999-0000-1111-2222-333399990000}.Release|x64.ActiveCfg = Release|x64
		{22229999-0000-1111-2222-333399990000}.Release|x64.Build.0 = Release|x64
		{33330000-1111-2222-3333-444400001111}.Debug|x64.ActiveCfg = Debug|x64
		{33330000-1111-2222-3333-444400001111}.Debug|x64.Build.0 = Debug|x64
		{33330000-1111-2222-3333-444400001111}.Release|x64.ActiveCfg = Release|x64
		{33330000-1111-2222-3333-444400001111}.Release|x64.Build.0 = Release|x64
	EndGlobalSection
	GlobalSection(SolutionProperties) = preSolution
		HideSolutionNode = FALSE
	EndGlobalSection
	GlobalSection(NestedProjects) = preSolution
		{AAAA1111-BBBB-CCCC-DDDD-EEEE11112222} = {00007777-1111-2222-3333-444477778888}
		{BBBB2222-CCCC-DDDD-EEEE-FFFF22223333} = {00007777-1111-2222-3333-444477778888}
		{DDDD4444-EEEE-FFFF-0000-111144445555} = {FFFF6666-0000-1111-2222-333366667777}
		{EEEE5555-FFFF-0000-1111-222255556666} = {FFFF6666-0000-1111-2222-333366667777}
		{22229999-0000-1111-2222-333399990000} = {11118888-2222-3333-4444-555588889999}
		{33330000-1111-2222-3333-444400001111} = {11118888-2222-3333-4444-555588889999}
	EndGlobalSection
	GlobalSection(ExtensibilityGlobals) = postSolution
		SolutionGuid = {AAAAAAA2-BBBB-CCCC-DDDD-EEEEFFFF2222}
	EndGlobalSection
	GlobalSection(SharedMSBuildProjectFiles) = preSolution
		SharedProject\SharedProject.projitems*{cccc3333-dddd-eeee-ffff-000033334444}*SharedItemsImports = 13
		SharedProject\SharedProject.projitems*{aaaa1111-bbbb-cccc-dddd-eeee11112222}*SharedItemsImports = 5
		SharedProject\SharedProject.projitems*{bbbb2222-cccc-dddd-eeee-ffff22223333}*SharedItemsImports = 5
		SharedProject\SharedProject.projitems*{dddd4444-eeee-ffff-0000-111144445555}*SharedItemsImports = 5
		SharedProject\SharedProject.projitems*{eeee5555-ffff-0000-1111-222255556666}*SharedItemsImports = 5
		SharedProject\SharedProject.projitems*{22229999-0000-1111-2222-333399990000}*SharedItemsImports = 5
		SharedProject\SharedProject.projitems*{33330000-1111-2222-3333-444400001111}*SharedItemsImports = 5
	EndGlobalSection
EndGlobal
