
Microsoft Visual Studio Solution File, Format Version 12.00
# Visual Studio Version 17
VisualStudioVersion = 17.3.32819.101
MinimumVisualStudioVersion = 10.0.40219.1
Project("{9A19103F-16F7-4668-BE54-9A1E7A4F7556}") = "WindowsClient", "ClientProject\WindowsClient.csproj", "{IALM1111-BBBB-CCCC-DDDD-EEEE44445555}"
EndProject
Project("{9A19103F-16F7-4668-BE54-9A1E7A4F7556}") = "WindowsServer", "ServerProject\WindowsServer.csproj", "{IALM2222-CCCC-DDDD-EEEE-FFFF55556666}"
EndProject
Project("{D954291E-2A0B-460D-934E-DC6B0785DB48}") = "SharedSource", "SharedProject\SharedSource.shproj", "{IALM3333-DDDD-EEEE-FFFF-000066667777}"
EndProject
Project("{FAE04EC0-301F-11D3-BF4B-00C04F79EFBC}") = "LinuxClient", "ClientProject\LinuxClient.csproj", "{IALM4444-EEEE-FFFF-0000-111166667777}"
EndProject
Project("{FAE04EC0-301F-11D3-BF4B-00C04F79EFBC}") = "LinuxServer", "ServerProject\LinuxServer.csproj", "{IALM5555-FFFF-0000-1111-222277778888}"
EndProject
Project("{2150E333-8FDC-42A3-9474-1A3956D46DE8}") = "Linux", "Linux", "{IALM6666-0000-1111-2222-333388889999}"
EndProject
Project("{2150E333-8FDC-42A3-9474-1A3956D46DE8}") = "Windows", "Windows", "{IALM7777-1111-2222-3333-444499990000}"
EndProject
Project("{2150E333-8FDC-42A3-9474-1A3956D46DE8}") = "OSX", "OSX", "{IALM8888-2222-3333-4444-555500000111}"
EndProject
Project("{FAE04EC0-301F-11D3-BF4B-00C04F79EFBC}") = "OSXClient", "ClientProject\OSXClient.csproj", "{IALM9999-0000-1111-2222-333311112222}"
EndProject
Project("{FAE04EC0-301F-11D3-BF4B-00C04F79EFBC}") = "OSXServer", "ServerProject\OSXServer.csproj", "{IALM0000-1111-2222-3333-444422223333}"
EndProject
Global
	GlobalSection(SolutionConfigurationPlatforms) = preSolution
		Debug|x64 = Debug|x64
		Release|x64 = Release|x64
	EndGlobalSection
	GlobalSection(ProjectConfigurationPlatforms) = postSolution
		{IALM1111-BBBB-CCCC-DDDD-EEEE44445555}.Debug|x64.ActiveCfg = Debug|x64
		{IALM1111-BBBB-CCCC-DDDD-EEEE44445555}.Debug|x64.Build.0 = Debug|x64
		{IALM1111-BBBB-CCCC-DDDD-EEEE44445555}.Release|x64.ActiveCfg = Release|x64
		{IALM1111-BBBB-CCCC-DDDD-EEEE44445555}.Release|x64.Build.0 = Release|x64
		{IALM2222-CCCC-DDDD-EEEE-FFFF55556666}.Debug|x64.ActiveCfg = Debug|x64
		{IALM2222-CCCC-DDDD-EEEE-FFFF55556666}.Debug|x64.Build.0 = Debug|x64
		{IALM2222-CCCC-DDDD-EEEE-FFFF55556666}.Release|x64.ActiveCfg = Release|x64
		{IALM2222-CCCC-DDDD-EEEE-FFFF55556666}.Release|x64.Build.0 = Release|x64
		{IALM4444-EEEE-FFFF-0000-111166667777}.Debug|x64.ActiveCfg = Debug|x64
		{IALM4444-EEEE-FFFF-0000-111166667777}.Debug|x64.Build.0 = Debug|x64
		{IALM4444-EEEE-FFFF-0000-111166667777}.Release|x64.ActiveCfg = Release|x64
		{IALM4444-EEEE-FFFF-0000-111166667777}.Release|x64.Build.0 = Release|x64
		{IALM5555-FFFF-0000-1111-222277778888}.Debug|x64.ActiveCfg = Debug|x64
		{IALM5555-FFFF-0000-1111-222277778888}.Debug|x64.Build.0 = Debug|x64
		{IALM5555-FFFF-0000-1111-222277778888}.Release|x64.ActiveCfg = Release|x64
		{IALM5555-FFFF-0000-1111-222277778888}.Release|x64.Build.0 = Release|x64
		{IALM9999-0000-1111-2222-333311112222}.Debug|x64.ActiveCfg = Debug|x64
		{IALM9999-0000-1111-2222-333311112222}.Debug|x64.Build.0 = Debug|x64
		{IALM9999-0000-1111-2222-333311112222}.Release|x64.ActiveCfg = Release|x64
		{IALM9999-0000-1111-2222-333311112222}.Release|x64.Build.0 = Release|x64
		{IALM0000-1111-2222-3333-444422223333}.Debug|x64.ActiveCfg = Debug|x64
		{IALM0000-1111-2222-3333-444422223333}.Debug|x64.Build.0 = Debug|x64
		{IALM0000-1111-2222-3333-444422223333}.Release|x64.ActiveCfg = Release|x64
		{IALM0000-1111-2222-3333-444422223333}.Release|x64.Build.0 = Release|x64
	EndGlobalSection
	GlobalSection(SolutionProperties) = preSolution
		HideSolutionNode = FALSE
	EndGlobalSection
	GlobalSection(NestedProjects) = preSolution
		{IALM1111-BBBB-CCCC-DDDD-EEEE44445555} = {IALM7777-1111-2222-3333-444499990000}
		{IALM2222-CCCC-DDDD-EEEE-FFFF55556666} = {IALM7777-1111-2222-3333-444499990000}
		{IALM4444-EEEE-FFFF-0000-111166667777} = {IALM6666-0000-1111-2222-333388889999}
		{IALM5555-FFFF-0000-1111-222277778888} = {IALM6666-0000-1111-2222-333388889999}
		{IALM9999-0000-1111-2222-333311112222} = {IALM8888-2222-3333-4444-555500000111}
		{IALM0000-1111-2222-3333-444422223333} = {IALM8888-2222-3333-4444-555500000111}
	EndGlobalSection
	GlobalSection(ExtensibilityGlobals) = postSolution
		SolutionGuid = {AAAAAAA4-BBBB-CCCC-DDDD-EEEEFFFF4444}
	EndGlobalSection
	GlobalSection(SharedMSBuildProjectFiles) = preSolution
		SharedProject\SharedProject.projitems*{ialm3333-dddd-eeee-ffff-000066667777}*SharedItemsImports = 13
		SharedProject\SharedProject.projitems*{ialm1111-bbbb-cccc-dddd-eeee44445555}*SharedItemsImports = 5
		SharedProject\SharedProject.projitems*{ialm2222-cccc-dddd-eeee-ffff55556666}*SharedItemsImports = 5
		SharedProject\SharedProject.projitems*{ialm4444-eeee-ffff-0000-111166667777}*SharedItemsImports = 5
		SharedProject\SharedProject.projitems*{ialm5555-ffff-0000-1111-222277778888}*SharedItemsImports = 5
		SharedProject\SharedProject.projitems*{ialm9999-0000-1111-2222-333311112222}*SharedItemsImports = 5
		SharedProject\SharedProject.projitems*{ialm0000-1111-2222-3333-444422223333}*SharedItemsImports = 5
	EndGlobalSection
EndGlobal
