
Microsoft Visual Studio Solution File, Format Version 12.00
# Visual Studio Version 17
VisualStudioVersion = 17.3.32819.101
MinimumVisualStudioVersion = 10.0.40219.1
Project("{9A19103F-16F7-4668-BE54-9A1E7A4F7556}") = "WindowsClient", "ClientProject\WindowsClient.csproj", "{NCH1111-BBBB-CCCC-DDDD-EEEE55556666}"
EndProject
Project("{9A19103F-16F7-4668-BE54-9A1E7A4F7556}") = "WindowsServer", "ServerProject\WindowsServer.csproj", "{NCH2222-CCCC-DDDD-EEEE-FFFF66667777}"
EndProject
Project("{D954291E-2A0B-460D-934E-DC6B0785DB48}") = "SharedSource", "SharedProject\SharedSource.shproj", "{NCH3333-DDDD-EEEE-FFFF-000077778888}"
EndProject
Project("{FAE04EC0-301F-11D3-BF4B-00C04F79EFBC}") = "LinuxClient", "ClientProject\LinuxClient.csproj", "{NCH4444-EEEE-FFFF-0000-111177778888}"
EndProject
Project("{FAE04EC0-301F-11D3-BF4B-00C04F79EFBC}") = "LinuxServer", "ServerProject\LinuxServer.csproj", "{NCH5555-FFFF-0000-1111-222288889999}"
EndProject
Project("{2150E333-8FDC-42A3-9474-1A3956D46DE8}") = "Linux", "Linux", "{NCH6666-0000-1111-2222-333399990000}"
EndProject
Project("{2150E333-8FDC-42A3-9474-1A3956D46DE8}") = "Windows", "Windows", "{NCH7777-1111-2222-3333-444400000111}"
EndProject
Project("{2150E333-8FDC-42A3-9474-1A3956D46DE8}") = "OSX", "OSX", "{NCH8888-2222-3333-4444-555511112222}"
EndProject
Project("{FAE04EC0-301F-11D3-BF4B-00C04F79EFBC}") = "OSXClient", "ClientProject\OSXClient.csproj", "{NCH9999-0000-1111-2222-333322223333}"
EndProject
Project("{FAE04EC0-301F-11D3-BF4B-00C04F79EFBC}") = "OSXServer", "ServerProject\OSXServer.csproj", "{NCH0000-1111-2222-3333-444433334444}"
EndProject
Global
	GlobalSection(SolutionConfigurationPlatforms) = preSolution
		Debug|x64 = Debug|x64
		Release|x64 = Release|x64
	EndGlobalSection
	GlobalSection(ProjectConfigurationPlatforms) = postSolution
		{NCH1111-BBBB-CCCC-DDDD-EEEE55556666}.Debug|x64.ActiveCfg = Debug|x64
		{NCH1111-BBBB-CCCC-DDDD-EEEE55556666}.Debug|x64.Build.0 = Debug|x64
		{NCH1111-BBBB-CCCC-DDDD-EEEE55556666}.Release|x64.ActiveCfg = Release|x64
		{NCH1111-BBBB-CCCC-DDDD-EEEE55556666}.Release|x64.Build.0 = Release|x64
		{NCH2222-CCCC-DDDD-EEEE-FFFF66667777}.Debug|x64.ActiveCfg = Debug|x64
		{NCH2222-CCCC-DDDD-EEEE-FFFF66667777}.Debug|x64.Build.0 = Debug|x64
		{NCH2222-CCCC-DDDD-EEEE-FFFF66667777}.Release|x64.ActiveCfg = Release|x64
		{NCH2222-CCCC-DDDD-EEEE-FFFF66667777}.Release|x64.Build.0 = Release|x64
		{NCH4444-EEEE-FFFF-0000-111177778888}.Debug|x64.ActiveCfg = Debug|x64
		{NCH4444-EEEE-FFFF-0000-111177778888}.Debug|x64.Build.0 = Debug|x64
		{NCH4444-EEEE-FFFF-0000-111177778888}.Release|x64.ActiveCfg = Release|x64
		{NCH4444-EEEE-FFFF-0000-111177778888}.Release|x64.Build.0 = Release|x64
		{NCH5555-FFFF-0000-1111-222288889999}.Debug|x64.ActiveCfg = Debug|x64
		{NCH5555-FFFF-0000-1111-222288889999}.Debug|x64.Build.0 = Debug|x64
		{NCH5555-FFFF-0000-1111-222288889999}.Release|x64.ActiveCfg = Release|x64
		{NCH5555-FFFF-0000-1111-222288889999}.Release|x64.Build.0 = Release|x64
		{NCH9999-0000-1111-2222-333322223333}.Debug|x64.ActiveCfg = Debug|x64
		{NCH9999-0000-1111-2222-333322223333}.Debug|x64.Build.0 = Debug|x64
		{NCH9999-0000-1111-2222-333322223333}.Release|x64.ActiveCfg = Release|x64
		{NCH9999-0000-1111-2222-333322223333}.Release|x64.Build.0 = Release|x64
		{NCH0000-1111-2222-3333-444433334444}.Debug|x64.ActiveCfg = Debug|x64
		{NCH0000-1111-2222-3333-444433334444}.Debug|x64.Build.0 = Debug|x64
		{NCH0000-1111-2222-3333-444433334444}.Release|x64.ActiveCfg = Release|x64
		{NCH0000-1111-2222-3333-444433334444}.Release|x64.Build.0 = Release|x64
	EndGlobalSection
	GlobalSection(SolutionProperties) = preSolution
		HideSolutionNode = FALSE
	EndGlobalSection
	GlobalSection(NestedProjects) = preSolution
		{NCH1111-BBBB-CCCC-DDDD-EEEE55556666} = {NCH7777-1111-2222-3333-444400000111}
		{NCH2222-CCCC-DDDD-EEEE-FFFF66667777} = {NCH7777-1111-2222-3333-444400000111}
		{NCH4444-EEEE-FFFF-0000-111177778888} = {NCH6666-0000-1111-2222-333399990000}
		{NCH5555-FFFF-0000-1111-222288889999} = {NCH6666-0000-1111-2222-333399990000}
		{NCH9999-0000-1111-2222-333322223333} = {NCH8888-2222-3333-4444-555511112222}
		{NCH0000-1111-2222-3333-444433334444} = {NCH8888-2222-3333-4444-555511112222}
	EndGlobalSection
	GlobalSection(ExtensibilityGlobals) = postSolution
		SolutionGuid = {AAAAAAA5-BBBB-CCCC-DDDD-EEEEFFFF5555}
	EndGlobalSection
	GlobalSection(SharedMSBuildProjectFiles) = preSolution
		SharedProject\SharedProject.projitems*{nch3333-dddd-eeee-ffff-000077778888}*SharedItemsImports = 13
		SharedProject\SharedProject.projitems*{nch1111-bbbb-cccc-dddd-eeee55556666}*SharedItemsImports = 5
		SharedProject\SharedProject.projitems*{nch2222-cccc-dddd-eeee-ffff66667777}*SharedItemsImports = 5
		SharedProject\SharedProject.projitems*{nch4444-eeee-ffff-0000-111177778888}*SharedItemsImports = 5
		SharedProject\SharedProject.projitems*{nch5555-ffff-0000-1111-222288889999}*SharedItemsImports = 5
		SharedProject\SharedProject.projitems*{nch9999-0000-1111-2222-333322223333}*SharedItemsImports = 5
		SharedProject\SharedProject.projitems*{nch0000-1111-2222-3333-444433334444}*SharedItemsImports = 5
	EndGlobalSection
EndGlobal
